{
  "name": "sinbad-navigation-engine",
  "version": "0.2.0",
  "lockfileVersion": 3,
  "requires": true,
  "packages": {
    "": {
      "name": "sinbad-navigation-engine",
      "version": "0.2.0",
      "license": "UNLICENSED",
      "dependencies": {
        "geographiclib-geodesic": "2.2.0"
      },
      "engines": {
        "node": ">=22"
      }
    },
    "node_modules/geographiclib-geodesic": {
      "version": "2.2.0",
      "resolved": "https://registry.npmjs.org/geographiclib-geodesic/-/geographiclib-geodesic-2.2.0.tgz",
      "integrity": "sha512-cIedo9VTYb0DFufodgibDmVfsWe9EASqb/kUByl09xc6PZYvLvlc89BHCThtGTPf2OII/zWJGxsR3Uz6O7QOVw==",
      "license": "MIT"
    }
  }
}
